
Microsoft Visual Studio Solution File, Format Version 12.00
# Visual Studio Version 16
VisualStudioVersion = 16.0.31702.278
MinimumVisualStudioVersion = 10.0.40219.1
Project("{FAE04EC0-301F-11D3-BF4B-00C04F79EFBC}") = "FirstXamarinApp.UWP", "FirstXamarinApp\FirstXamarinApp.UWP\FirstXamarinApp.UWP.csproj", "{78E9EC9C-A64C-44AB-8C71-4534A4D63C0A}"
EndProject
Project("{FAE04EC0-301F-11D3-BF4B-00C04F79EFBC}") = "FirstXamarinApp.Android", "FirstXamarinApp\FirstXamarinApp.Android\FirstXamarinApp.Android.csproj", "{C5FD8B3C-399E-4784-AD39-53A316B76624}"
EndProject
Project("{FAE04EC0-301F-11D3-BF4B-00C04F79EFBC}") = "FirstXamarinApp.iOS", "FirstXamarinApp\FirstXamarinApp.iOS\FirstXamarinApp.iOS.csproj", "{0DE37479-929E-4562-A4F8-733A5D98B183}"
EndProject
Project("{FAE04EC0-301F-11D3-BF4B-00C04F79EFBC}") = "FirstXamarinApp", "FirstXamarinApp\FirstXamarinApp\FirstXamarinApp.csproj", "{09CFF684-091F-4461-92E0-ACFC0A7133D5}"
EndProject
Global
	GlobalSection(SolutionConfigurationPlatforms) = preSolution
		Debug|Any CPU = Debug|Any CPU
		Debug|ARM = Debug|ARM
		Debug|iPhone = Debug|iPhone
		Debug|iPhoneSimulator = Debug|iPhoneSimulator
		Debug|x64 = Debug|x64
		Debug|x86 = Debug|x86
		Release|Any CPU = Release|Any CPU
		Release|ARM = Release|ARM
		Release|iPhone = Release|iPhone
		Release|iPhoneSimulator = Release|iPhoneSimulator
		Release|x64 = Release|x64
		Release|x86 = Release|x86
	EndGlobalSection
	GlobalSection(ProjectConfigurationPlatforms) = postSolution
		{78E9EC9C-A64C-44AB-8C71-4534A4D63C0A}.Debug|Any CPU.ActiveCfg = Debug|x86
		{78E9EC9C-A64C-44AB-8C71-4534A4D63C0A}.Debug|Any CPU.Build.0 = Debug|x86
		{78E9EC9C-A64C-44AB-8C71-4534A4D63C0A}.Debug|Any CPU.Deploy.0 = Debug|x86
		{78E9EC9C-A64C-44AB-8C71-4534A4D63C0A}.Debug|ARM.ActiveCfg = Debug|ARM
		{78E9EC9C-A64C-44AB-8C71-4534A4D63C0A}.Debug|ARM.Build.0 = Debug|ARM
		{78E9EC9C-A64C-44AB-8C71-4534A4D63C0A}.Debug|ARM.Deploy.0 = Debug|ARM
		{78E9EC9C-A64C-44AB-8C71-4534A4D63C0A}.Debug|iPhone.ActiveCfg = Debug|x86
		{78E9EC9C-A64C-44AB-8C71-4534A4D63C0A}.Debug|iPhone.Build.0 = Debug|x86
		{78E9EC9C-A64C-44AB-8C71-4534A4D63C0A}.Debug|iPhone.Deploy.0 = Debug|x86
		{78E9EC9C-A64C-44AB-8C71-4534A4D63C0A}.Debug|iPhoneSimulator.ActiveCfg = Debug|x86
		{78E9EC9C-A64C-44AB-8C71-4534A4D63C0A}.Debug|iPhoneSimulator.Build.0 = Debug|x86
		{78E9EC9C-A64C-44AB-8C71-4534A4D63C0A}.Debug|iPhoneSimulator.Deploy.0 = Debug|x86
		{78E9EC9C-A64C-44AB-8C71-4534A4D63C0A}.Debug|x64.ActiveCfg = Debug|x64
		{78E9EC9C-A64C-44AB-8C71-4534A4D63C0A}.Debug|x64.Build.0 = Debug|x64
		{78E9EC9C-A64C-44AB-8C71-4534A4D63C0A}.Debug|x64.Deploy.0 = Debug|x64
		{78E9EC9C-A64C-44AB-8C71-4534A4D63C0A}.Debug|x86.ActiveCfg = Debug|x86
		{78E9EC9C-A64C-44AB-8C71-4534A4D63C0A}.Debug|x86.Build.0 = Debug|x86
		{78E9EC9C-A64C-44AB-8C71-4534A4D63C0A}.Debug|x86.Deploy.0 = Debug|x86
		{78E9EC9C-A64C-44AB-8C71-4534A4D63C0A}.Release|Any CPU.ActiveCfg = Release|x86
		{78E9EC9C-A64C-44AB-8C71-4534A4D63C0A}.Release|Any CPU.Build.0 = Release|x86
		{78E9EC9C-A64C-44AB-8C71-4534A4D63C0A}.Release|Any CPU.Deploy.0 = Release|x86
		{78E9EC9C-A64C-44AB-8C71-4534A4D63C0A}.Release|ARM.ActiveCfg = Release|ARM
		{78E9EC9C-A64C-44AB-8C71-4534A4D63C0A}.Release|ARM.Build.0 = Release|ARM
		{78E9EC9C-A64C-44AB-8C71-4534A4D63C0A}.Release|ARM.Deploy.0 = Release|ARM
		{78E9EC9C-A64C-44AB-8C71-4534A4D63C0A}.Release|iPhone.ActiveCfg = Release|x86
		{78E9EC9C-A64C-44AB-8C71-4534A4D63C0A}.Release|iPhone.Build.0 = Release|x86
		{78E9EC9C-A64C-44AB-8C71-4534A4D63C0A}.Release|iPhone.Deploy.0 = Release|x86
		{78E9EC9C-A64C-44AB-8C71-4534A4D63C0A}.Release|iPhoneSimulator.ActiveCfg = Release|x86
		{78E9EC9C-A64C-44AB-8C71-4534A4D63C0A}.Release|iPhoneSimulator.Build.0 = Release|x86
		{78E9EC9C-A64C-44AB-8C71-4534A4D63C0A}.Release|iPhoneSimulator.Deploy.0 = Release|x86
		{78E9EC9C-A64C-44AB-8C71-4534A4D63C0A}.Release|x64.ActiveCfg = Release|x64
		{78E9EC9C-A64C-44AB-8C71-4534A4D63C0A}.Release|x64.Build.0 = Release|x64
		{78E9EC9C-A64C-44AB-8C71-4534A4D63C0A}.Release|x64.Deploy.0 = Release|x64
		{78E9EC9C-A64C-44AB-8C71-4534A4D63C0A}.Release|x86.ActiveCfg = Release|x86
		{78E9EC9C-A64C-44AB-8C71-4534A4D63C0A}.Release|x86.Build.0 = Release|x86
		{78E9EC9C-A64C-44AB-8C71-4534A4D63C0A}.Release|x86.Deploy.0 = Release|x86
		{C5FD8B3C-399E-4784-AD39-53A316B76624}.Debug|Any CPU.ActiveCfg = Debug|Any CPU
		{C5FD8B3C-399E-4784-AD39-53A316B76624}.Debug|Any CPU.Build.0 = Debug|Any CPU
		{C5FD8B3C-399E-4784-AD39-53A316B76624}.Debug|Any CPU.Deploy.0 = Debug|Any CPU
		{C5FD8B3C-399E-4784-AD39-53A316B76624}.Debug|ARM.ActiveCfg = Debug|Any CPU
		{C5FD8B3C-399E-4784-AD39-53A316B76624}.Debug|ARM.Build.0 = Debug|Any CPU
		{C5FD8B3C-399E-4784-AD39-53A316B76624}.Debug|ARM.Deploy.0 = Debug|Any CPU
		{C5FD8B3C-399E-4784-AD39-53A316B76624}.Debug|iPhone.ActiveCfg = Debug|Any CPU
		{C5FD8B3C-399E-4784-AD39-53A316B76624}.Debug|iPhone.Build.0 = Debug|Any CPU
		{C5FD8B3C-399E-4784-AD39-53A316B76624}.Debug|iPhone.Deploy.0 = Debug|Any CPU
		{C5FD8B3C-399E-4784-AD39-53A316B76624}.Debug|iPhoneSimulator.ActiveCfg = Debug|Any CPU
		{C5FD8B3C-399E-4784-AD39-53A316B76624}.Debug|iPhoneSimulator.Build.0 = Debug|Any CPU
		{C5FD8B3C-399E-4784-AD39-53A316B76624}.Debug|iPhoneSimulator.Deploy.0 = Debug|Any CPU
		{C5FD8B3C-399E-4784-AD39-53A316B76624}.Debug|x64.ActiveCfg = Debug|Any CPU
		{C5FD8B3C-399E-4784-AD39-53A316B76624}.Debug|x64.Build.0 = Debug|Any CPU
		{C5FD8B3C-399E-4784-AD39-53A316B76624}.Debug|x64.Deploy.0 = Debug|Any CPU
		{C5FD8B3C-399E-4784-AD39-53A316B76624}.Debug|x86.ActiveCfg = Debug|Any CPU
		{C5FD8B3C-399E-4784-AD39-53A316B76624}.Debug|x86.Build.0 = Debug|Any CPU
		{C5FD8B3C-399E-4784-AD39-53A316B76624}.Debug|x86.Deploy.0 = Debug|Any CPU
		{C5FD8B3C-399E-4784-AD39-53A316B76624}.Release|Any CPU.ActiveCfg = Release|Any CPU
		{C5FD8B3C-399E-4784-AD39-53A316B76624}.Release|Any CPU.Build.0 = Release|Any CPU
		{C5FD8B3C-399E-4784-AD39-53A316B76624}.Release|Any CPU.Deploy.0 = Release|Any CPU
		{C5FD8B3C-399E-4784-AD39-53A316B76624}.Release|ARM.ActiveCfg = Release|Any CPU
		{C5FD8B3C-399E-4784-AD39-53A316B76624}.Release|ARM.Build.0 = Release|Any CPU
		{C5FD8B3C-399E-4784-AD39-53A316B76624}.Release|ARM.Deploy.0 = Release|Any CPU
		{C5FD8B3C-399E-4784-AD39-53A316B76624}.Release|iPhone.ActiveCfg = Release|Any CPU
		{C5FD8B3C-399E-4784-AD39-53A316B76624}.Release|iPhone.Build.0 = Release|Any CPU
		{C5FD8B3C-399E-4784-AD39-53A316B76624}.Release|iPhone.Deploy.0 = Release|Any CPU
		{C5FD8B3C-399E-4784-AD39-53A316B76624}.Release|iPhoneSimulator.ActiveCfg = Release|Any CPU
		{C5FD8B3C-399E-4784-AD39-53A316B76624}.Release|iPhoneSimulator.Build.0 = Release|Any CPU
		{C5FD8B3C-399E-4784-AD39-53A316B76624}.Release|iPhoneSimulator.Deploy.0 = Release|Any CPU
		{C5FD8B3C-399E-4784-AD39-53A316B76624}.Release|x64.ActiveCfg = Release|Any CPU
		{C5FD8B3C-399E-4784-AD39-53A316B76624}.Release|x64.Build.0 = Release|Any CPU
		{C5FD8B3C-399E-4784-AD39-53A316B76624}.Release|x64.Deploy.0 = Release|Any CPU
		{C5FD8B3C-399E-4784-AD39-53A316B76624}.Release|x86.ActiveCfg = Release|Any CPU
		{C5FD8B3C-399E-4784-AD39-53A316B76624}.Release|x86.Build.0 = Release|Any CPU
		{C5FD8B3C-399E-4784-AD39-53A316B76624}.Release|x86.Deploy.0 = Release|Any CPU
		{0DE37479-929E-4562-A4F8-733A5D98B183}.Debug|Any CPU.ActiveCfg = Debug|iPhoneSimulator
		{0DE37479-929E-4562-A4F8-733A5D98B183}.Debug|Any CPU.Build.0 = Debug|iPhoneSimulator
		{0DE37479-929E-4562-A4F8-733A5D98B183}.Debug|Any CPU.Deploy.0 = Debug|iPhoneSimulator
		{0DE37479-929E-4562-A4F8-733A5D98B183}.Debug|ARM.ActiveCfg = Debug|iPhone
		{0DE37479-929E-4562-A4F8-733A5D98B183}.Debug|ARM.Build.0 = Debug|iPhone
		{0DE37479-929E-4562-A4F8-733A5D98B183}.Debug|ARM.Deploy.0 = Debug|iPhone
		{0DE37479-929E-4562-A4F8-733A5D98B183}.Debug|iPhone.ActiveCfg = Debug|iPhone
		{0DE37479-929E-4562-A4F8-733A5D98B183}.Debug|iPhone.Build.0 = Debug|iPhone
		{0DE37479-929E-4562-A4F8-733A5D98B183}.Debug|iPhone.Deploy.0 = Debug|iPhone
		{0DE37479-929E-4562-A4F8-733A5D98B183}.Debug|iPhoneSimulator.ActiveCfg = Debug|iPhoneSimulator
		{0DE37479-929E-4562-A4F8-733A5D98B183}.Debug|iPhoneSimulator.Build.0 = Debug|iPhoneSimulator
		{0DE37479-929E-4562-A4F8-733A5D98B183}.Debug|iPhoneSimulator.Deploy.0 = Debug|iPhoneSimulator
		{0DE37479-929E-4562-A4F8-733A5D98B183}.Debug|x64.ActiveCfg = Debug|iPhoneSimulator
		{0DE37479-929E-4562-A4F8-733A5D98B183}.Debug|x64.Build.0 = Debug|iPhoneSimulator
		{0DE37479-929E-4562-A4F8-733A5D98B183}.Debug|x64.Deploy.0 = Debug|iPhoneSimulator
		{0DE37479-929E-4562-A4F8-733A5D98B183}.Debug|x86.ActiveCfg = Debug|iPhoneSimulator
		{0DE37479-929E-4562-A4F8-733A5D98B183}.Debug|x86.Build.0 = Debug|iPhoneSimulator
		{0DE37479-929E-4562-A4F8-733A5D98B183}.Debug|x86.Deploy.0 = Debug|iPhoneSimulator
		{0DE37479-929E-4562-A4F8-733A5D98B183}.Release|Any CPU.ActiveCfg = Release|iPhoneSimulator
		{0DE37479-929E-4562-A4F8-733A5D98B183}.Release|Any CPU.Build.0 = Release|iPhoneSimulator
		{0DE37479-929E-4562-A4F8-733A5D98B183}.Release|Any CPU.Deploy.0 = Release|iPhoneSimulator
		{0DE37479-929E-4562-A4F8-733A5D98B183}.Release|ARM.ActiveCfg = Release|iPhoneSimulator
		{0DE37479-929E-4562-A4F8-733A5D98B183}.Release|ARM.Build.0 = Release|iPhoneSimulator
		{0DE37479-929E-4562-A4F8-733A5D98B183}.Release|ARM.Deploy.0 = Release|iPhoneSimulator
		{0DE37479-929E-4562-A4F8-733A5D98B183}.Release|iPhone.ActiveCfg = Release|iPhone
		{0DE37479-929E-4562-A4F8-733A5D98B183}.Release|iPhone.Build.0 = Release|iPhone
		{0DE37479-929E-4562-A4F8-733A5D98B183}.Release|iPhone.Deploy.0 = Release|iPhone
		{0DE37479-929E-4562-A4F8-733A5D98B183}.Release|iPhoneSimulator.ActiveCfg = Release|iPhoneSimulator
		{0DE37479-929E-4562-A4F8-733A5D98B183}.Release|iPhoneSimulator.Build.0 = Release|iPhoneSimulator
		{0DE37479-929E-4562-A4F8-733A5D98B183}.Release|iPhoneSimulator.Deploy.0 = Release|iPhoneSimulator
		{0DE37479-929E-4562-A4F8-733A5D98B183}.Release|x64.ActiveCfg = Release|iPhoneSimulator
		{0DE37479-929E-4562-A4F8-733A5D98B183}.Release|x64.Build.0 = Release|iPhoneSimulator
		{0DE37479-929E-4562-A4F8-733A5D98B183}.Release|x64.Deploy.0 = Release|iPhoneSimulator
		{0DE37479-929E-4562-A4F8-733A5D98B183}.Release|x86.ActiveCfg = Release|iPhoneSimulator
		{0DE37479-929E-4562-A4F8-733A5D98B183}.Release|x86.Build.0 = Release|iPhoneSimulator
		{0DE37479-929E-4562-A4F8-733A5D98B183}.Release|x86.Deploy.0 = Release|iPhoneSimulator
		{09CFF684-091F-4461-92E0-ACFC0A7133D5}.Debug|Any CPU.ActiveCfg = Debug|Any CPU
		{09CFF684-091F-4461-92E0-ACFC0A7133D5}.Debug|Any CPU.Build.0 = Debug|Any CPU
		{09CFF684-091F-4461-92E0-ACFC0A7133D5}.Debug|Any CPU.Deploy.0 = Debug|Any CPU
		{09CFF684-091F-4461-92E0-ACFC0A7133D5}.Debug|ARM.ActiveCfg = Debug|Any CPU
		{09CFF684-091F-4461-92E0-ACFC0A7133D5}.Debug|ARM.Build.0 = Debug|Any CPU
		{09CFF684-091F-4461-92E0-ACFC0A7133D5}.Debug|ARM.Deploy.0 = Debug|Any CPU
		{09CFF684-091F-4461-92E0-ACFC0A7133D5}.Debug|iPhone.ActiveCfg = Debug|Any CPU
		{09CFF684-091F-4461-92E0-ACFC0A7133D5}.Debug|iPhone.Build.0 = Debug|Any CPU
		{09CFF684-091F-4461-92E0-ACFC0A7133D5}.Debug|iPhone.Deploy.0 = Debug|Any CPU
		{09CFF684-091F-4461-92E0-ACFC0A7133D5}.Debug|iPhoneSimulator.ActiveCfg = Debug|Any CPU
		{09CFF684-091F-4461-92E0-ACFC0A7133D5}.Debug|iPhoneSimulator.Build.0 = Debug|Any CPU
		{09CFF684-091F-4461-92E0-ACFC0A7133D5}.Debug|iPhoneSimulator.Deploy.0 = Debug|Any CPU
		{09CFF684-091F-4461-92E0-ACFC0A7133D5}.Debug|x64.ActiveCfg = Debug|Any CPU
		{09CFF684-091F-4461-92E0-ACFC0A7133D5}.Debug|x64.Build.0 = Debug|Any CPU
		{09CFF684-091F-4461-92E0-ACFC0A7133D5}.Debug|x64.Deploy.0 = Debug|Any CPU
		{09CFF684-091F-4461-92E0-ACFC0A7133D5}.Debug|x86.ActiveCfg = Debug|Any CPU
		{09CFF684-091F-4461-92E0-ACFC0A7133D5}.Debug|x86.Build.0 = Debug|Any CPU
		{09CFF684-091F-4461-92E0-ACFC0A7133D5}.Debug|x86.Deploy.0 = Debug|Any CPU
		{09CFF684-091F-4461-92E0-ACFC0A7133D5}.Release|Any CPU.ActiveCfg = Release|Any CPU
		{09CFF684-091F-4461-92E0-ACFC0A7133D5}.Release|Any CPU.Build.0 = Release|Any CPU
		{09CFF684-091F-4461-92E0-ACFC0A7133D5}.Release|Any CPU.Deploy.0 = Release|Any CPU
		{09CFF684-091F-4461-92E0-ACFC0A7133D5}.Release|ARM.ActiveCfg = Release|Any CPU
		{09CFF684-091F-4461-92E0-ACFC0A7133D5}.Release|ARM.Build.0 = Release|Any CPU
		{09CFF684-091F-4461-92E0-ACFC0A7133D5}.Release|ARM.Deploy.0 = Release|Any CPU
		{09CFF684-091F-4461-92E0-ACFC0A7133D5}.Release|iPhone.ActiveCfg = Release|Any CPU
		{09CFF684-091F-4461-92E0-ACFC0A7133D5}.Release|iPhone.Build.0 = Release|Any CPU
		{09CFF684-091F-4461-92E0-ACFC0A7133D5}.Release|iPhone.Deploy.0 = Release|Any CPU
		{09CFF684-091F-4461-92E0-ACFC0A7133D5}.Release|iPhoneSimulator.ActiveCfg = Release|Any CPU
		{09CFF684-091F-4461-92E0-ACFC0A7133D5}.Release|iPhoneSimulator.Build.0 = Release|Any CPU
		{09CFF684-091F-4461-92E0-ACFC0A7133D5}.Release|iPhoneSimulator.Deploy.0 = Release|Any CPU
		{09CFF684-091F-4461-92E0-ACFC0A7133D5}.Release|x64.ActiveCfg = Release|Any CPU
		{09CFF684-091F-4461-92E0-ACFC0A7133D5}.Release|x64.Build.0 = Release|Any CPU
		{09CFF684-091F-4461-92E0-ACFC0A7133D5}.Release|x64.Deploy.0 = Release|Any CPU
		{09CFF684-091F-4461-92E0-ACFC0A7133D5}.Release|x86.ActiveCfg = Release|Any CPU
		{09CFF684-091F-4461-92E0-ACFC0A7133D5}.Release|x86.Build.0 = Release|Any CPU
		{09CFF684-091F-4461-92E0-ACFC0A7133D5}.Release|x86.Deploy.0 = Release|Any CPU
	EndGlobalSection
	GlobalSection(SolutionProperties) = preSolution
		HideSolutionNode = FALSE
	EndGlobalSection
	GlobalSection(ExtensibilityGlobals) = postSolution
		SolutionGuid = {BD249DB1-8AC6-49C1-A71E-E7C440546975}
	EndGlobalSection
EndGlobal
